
Microsoft Visual Studio Solution File, Format Version 12.00
# Visual Studio Version 16
VisualStudioVersion = 16.0.29326.143
MinimumVisualStudioVersion = 10.0.40219.1
Project("{2150E333-8FDC-42A3-9474-1A3956D46DE8}") = "1 - Application", "1 - Application", "{FA629827-965E-42B2-8E24-F311FC4A7CA9}"
EndProject
Project("{2150E333-8FDC-42A3-9474-1A3956D46DE8}") = "2 - Domain", "2 - Domain", "{79677F9D-5398-4E35-92C1-A0833CF91DB0}"
EndProject
Project("{2150E333-8FDC-42A3-9474-1A3956D46DE8}") = "3 - Services", "3 - Services", "{A176F4D6-9698-4D66-B41C-5C9D4AA17949}"
EndProject
Project("{2150E333-8FDC-42A3-9474-1A3956D46DE8}") = "4 - Infra", "4 - Infra", "{D1A0383D-D254-437E-8802-A618E832642E}"
EndProject
Project("{2150E333-8FDC-42A3-9474-1A3956D46DE8}") = "4.1 - Data", "4.1 - Data", "{8649CCF9-0E0F-41F0-AD65-86668C994A5E}"
EndProject
Project("{2150E333-8FDC-42A3-9474-1A3956D46DE8}") = "4.2 - CrossCutting", "4.2 - CrossCutting", "{F5E41D22-049B-40D3-B8FA-A9BD9F0C7A3A}"
EndProject
Project("{2150E333-8FDC-42A3-9474-1A3956D46DE8}") = "Tests", "Tests", "{5BD6BC3B-1C59-4C1C-A8C9-A277F43AD220}"
EndProject
Project("{2150E333-8FDC-42A3-9474-1A3956D46DE8}") = "Unity", "Unity", "{C2D59C7C-3D67-4AA5-9B97-09CAAB32E236}"
EndProject
Project("{2150E333-8FDC-42A3-9474-1A3956D46DE8}") = "Integration", "Integration", "{8B55D3C1-C0F8-40E4-ACB1-F0066EBB0A54}"
EndProject
Project("{9A19103F-16F7-4668-BE54-9A1E7A4F7556}") = "Core.Domain", "Core.Domain\Core.Domain.csproj", "{F24858D6-8CDA-4562-A78F-E3382755A29D}"
EndProject
Project("{9A19103F-16F7-4668-BE54-9A1E7A4F7556}") = "Core.Services", "Core.Services\Core.Services.csproj", "{23D04E3F-A710-4BDF-A0D8-87BE0CB32A5E}"
EndProject
Project("{9A19103F-16F7-4668-BE54-9A1E7A4F7556}") = "Core.Data", "Core.Data\Core.Data.csproj", "{192D0DE6-E250-47F2-89D0-9F7A2BBACB82}"
EndProject
Project("{9A19103F-16F7-4668-BE54-9A1E7A4F7556}") = "Core.CrossCutting", "Core.CrossCutting\Core.CrossCutting.csproj", "{2A9F086C-AFAC-4AD0-87D1-9D3A1DF850C9}"
EndProject
Project("{9A19103F-16F7-4668-BE54-9A1E7A4F7556}") = "Core.UnityTests", "Core.UnityTests\Core.UnityTests.csproj", "{EC9AF00B-FF21-4285-AD07-912114390357}"
EndProject
Project("{9A19103F-16F7-4668-BE54-9A1E7A4F7556}") = "Core.IntegrationTests", "Core.IntegrationTests\Core.IntegrationTests.csproj", "{D4AC628A-8F67-4150-95B8-733ADE5DF742}"
EndProject
Project("{FAE04EC0-301F-11D3-BF4B-00C04F79EFBC}") = "Core.Application", "Core.Application\Core.Application.csproj", "{55FD99FB-64B8-41A6-B8B0-8515E8CA388A}"
EndProject
Global
	GlobalSection(SolutionConfigurationPlatforms) = preSolution
		Debug|Any CPU = Debug|Any CPU
		Release|Any CPU = Release|Any CPU
	EndGlobalSection
	GlobalSection(ProjectConfigurationPlatforms) = postSolution
		{F24858D6-8CDA-4562-A78F-E3382755A29D}.Debug|Any CPU.ActiveCfg = Debug|Any CPU
		{F24858D6-8CDA-4562-A78F-E3382755A29D}.Debug|Any CPU.Build.0 = Debug|Any CPU
		{F24858D6-8CDA-4562-A78F-E3382755A29D}.Release|Any CPU.ActiveCfg = Release|Any CPU
		{F24858D6-8CDA-4562-A78F-E3382755A29D}.Release|Any CPU.Build.0 = Release|Any CPU
		{23D04E3F-A710-4BDF-A0D8-87BE0CB32A5E}.Debug|Any CPU.ActiveCfg = Debug|Any CPU
		{23D04E3F-A710-4BDF-A0D8-87BE0CB32A5E}.Debug|Any CPU.Build.0 = Debug|Any CPU
		{23D04E3F-A710-4BDF-A0D8-87BE0CB32A5E}.Release|Any CPU.ActiveCfg = Release|Any CPU
		{23D04E3F-A710-4BDF-A0D8-87BE0CB32A5E}.Release|Any CPU.Build.0 = Release|Any CPU
		{192D0DE6-E250-47F2-89D0-9F7A2BBACB82}.Debug|Any CPU.ActiveCfg = Debug|Any CPU
		{192D0DE6-E250-47F2-89D0-9F7A2BBACB82}.Debug|Any CPU.Build.0 = Debug|Any CPU
		{192D0DE6-E250-47F2-89D0-9F7A2BBACB82}.Release|Any CPU.ActiveCfg = Release|Any CPU
		{192D0DE6-E250-47F2-89D0-9F7A2BBACB82}.Release|Any CPU.Build.0 = Release|Any CPU
		{2A9F086C-AFAC-4AD0-87D1-9D3A1DF850C9}.Debug|Any CPU.ActiveCfg = Debug|Any CPU
		{2A9F086C-AFAC-4AD0-87D1-9D3A1DF850C9}.Debug|Any CPU.Build.0 = Debug|Any CPU
		{2A9F086C-AFAC-4AD0-87D1-9D3A1DF850C9}.Release|Any CPU.ActiveCfg = Release|Any CPU
		{2A9F086C-AFAC-4AD0-87D1-9D3A1DF850C9}.Release|Any CPU.Build.0 = Release|Any CPU
		{EC9AF00B-FF21-4285-AD07-912114390357}.Debug|Any CPU.ActiveCfg = Debug|Any CPU
		{EC9AF00B-FF21-4285-AD07-912114390357}.Debug|Any CPU.Build.0 = Debug|Any CPU
		{EC9AF00B-FF21-4285-AD07-912114390357}.Release|Any CPU.ActiveCfg = Release|Any CPU
		{EC9AF00B-FF21-4285-AD07-912114390357}.Release|Any CPU.Build.0 = Release|Any CPU
		{D4AC628A-8F67-4150-95B8-733ADE5DF742}.Debug|Any CPU.ActiveCfg = Debug|Any CPU
		{D4AC628A-8F67-4150-95B8-733ADE5DF742}.Debug|Any CPU.Build.0 = Debug|Any CPU
		{D4AC628A-8F67-4150-95B8-733ADE5DF742}.Release|Any CPU.ActiveCfg = Release|Any CPU
		{D4AC628A-8F67-4150-95B8-733ADE5DF742}.Release|Any CPU.Build.0 = Release|Any CPU
		{55FD99FB-64B8-41A6-B8B0-8515E8CA388A}.Debug|Any CPU.ActiveCfg = Debug|Any CPU
		{55FD99FB-64B8-41A6-B8B0-8515E8CA388A}.Debug|Any CPU.Build.0 = Debug|Any CPU
		{55FD99FB-64B8-41A6-B8B0-8515E8CA388A}.Release|Any CPU.ActiveCfg = Release|Any CPU
		{55FD99FB-64B8-41A6-B8B0-8515E8CA388A}.Release|Any CPU.Build.0 = Release|Any CPU
	EndGlobalSection
	GlobalSection(SolutionProperties) = preSolution
		HideSolutionNode = FALSE
	EndGlobalSection
	GlobalSection(NestedProjects) = preSolution
		{8649CCF9-0E0F-41F0-AD65-86668C994A5E} = {D1A0383D-D254-437E-8802-A618E832642E}
		{F5E41D22-049B-40D3-B8FA-A9BD9F0C7A3A} = {D1A0383D-D254-437E-8802-A618E832642E}
		{C2D59C7C-3D67-4AA5-9B97-09CAAB32E236} = {5BD6BC3B-1C59-4C1C-A8C9-A277F43AD220}
		{8B55D3C1-C0F8-40E4-ACB1-F0066EBB0A54} = {5BD6BC3B-1C59-4C1C-A8C9-A277F43AD220}
		{F24858D6-8CDA-4562-A78F-E3382755A29D} = {79677F9D-5398-4E35-92C1-A0833CF91DB0}
		{23D04E3F-A710-4BDF-A0D8-87BE0CB32A5E} = {A176F4D6-9698-4D66-B41C-5C9D4AA17949}
		{192D0DE6-E250-47F2-89D0-9F7A2BBACB82} = {8649CCF9-0E0F-41F0-AD65-86668C994A5E}
		{2A9F086C-AFAC-4AD0-87D1-9D3A1DF850C9} = {F5E41D22-049B-40D3-B8FA-A9BD9F0C7A3A}
		{EC9AF00B-FF21-4285-AD07-912114390357} = {C2D59C7C-3D67-4AA5-9B97-09CAAB32E236}
		{D4AC628A-8F67-4150-95B8-733ADE5DF742} = {8B55D3C1-C0F8-40E4-ACB1-F0066EBB0A54}
		{55FD99FB-64B8-41A6-B8B0-8515E8CA388A} = {FA629827-965E-42B2-8E24-F311FC4A7CA9}
	EndGlobalSection
	GlobalSection(ExtensibilityGlobals) = postSolution
		SolutionGuid = {824541FA-9C55-4115-8C6C-758E3C5F8B73}
	EndGlobalSection
EndGlobal
